// !$*UTF8*$!
{
	archiveVersion = 1;
	classes = {
	};
	objectVersion = 56;
	objects = {

/* Begin PBXBuildFile section */
		161DB5352C6BC6E300F965BF /* CharacterDetail.swift in Sources */ = {isa = PBXBuildFile; fileRef = 161DB5342C6BC6E300F965BF /* CharacterDetail.swift */; };
		161DB5382C6BC6F000F965BF /* CharacterDetailVM.swift in Sources */ = {isa = PBXBuildFile; fileRef = 161DB5372C6BC6F000F965BF /* CharacterDetailVM.swift */; };
		161DB53A2C6C7DEF00F965BF /* RMEpisode.swift in Sources */ = {isa = PBXBuildFile; fileRef = 161DB5392C6C7DEF00F965BF /* RMEpisode.swift */; };
		1669579D2C73110300CFDD75 /* LocationCard.swift in Sources */ = {isa = PBXBuildFile; fileRef = 1669579C2C73110300CFDD75 /* LocationCard.swift */; };
		1669579F2C73113E00CFDD75 /* CustomCapsule.swift in Sources */ = {isa = PBXBuildFile; fileRef = 1669579E2C73113E00CFDD75 /* CustomCapsule.swift */; };
		166957A22C73119500CFDD75 /* BackButton.swift in Sources */ = {isa = PBXBuildFile; fileRef = 166957A12C73119500CFDD75 /* BackButton.swift */; };
		166957A52C7319C300CFDD75 /* RMEpisodeRepository.swift in Sources */ = {isa = PBXBuildFile; fileRef = 166957A42C7319C300CFDD75 /* RMEpisodeRepository.swift */; };
		166957A72C731B2300CFDD75 /* RMEpisodeMappers.swift in Sources */ = {isa = PBXBuildFile; fileRef = 166957A62C731B2300CFDD75 /* RMEpisodeMappers.swift */; };
		166957A92C731BB500CFDD75 /* String.swift in Sources */ = {isa = PBXBuildFile; fileRef = 166957A82C731BB500CFDD75 /* String.swift */; };
		16ABDE912C872C4E00B20C97 /* CustomListItem.swift in Sources */ = {isa = PBXBuildFile; fileRef = 16ABDE902C872C4E00B20C97 /* CustomListItem.swift */; };
		16ABDE992C872CD800B20C97 /* LocationDetail.swift in Sources */ = {isa = PBXBuildFile; fileRef = 16ABDE982C872CD800B20C97 /* LocationDetail.swift */; };
		16ABDE9B2C872D4700B20C97 /* LocationDetailVM.swift in Sources */ = {isa = PBXBuildFile; fileRef = 16ABDE9A2C872D4700B20C97 /* LocationDetailVM.swift */; };
		16ABDE9D2C87303300B20C97 /* RMLocationRepository.swift in Sources */ = {isa = PBXBuildFile; fileRef = 16ABDE9C2C87303300B20C97 /* RMLocationRepository.swift */; };
		16B9C7A82C6776FA0074A356 /* RickAndMortyInfoverseApp.swift in Sources */ = {isa = PBXBuildFile; fileRef = 16B9C7A72C6776FA0074A356 /* RickAndMortyInfoverseApp.swift */; };
		16B9C7AA2C6776FA0074A356 /* ContentView.swift in Sources */ = {isa = PBXBuildFile; fileRef = 16B9C7A92C6776FA0074A356 /* ContentView.swift */; };
		16B9C7AE2C6776FC0074A356 /* Assets.xcassets in Resources */ = {isa = PBXBuildFile; fileRef = 16B9C7AD2C6776FC0074A356 /* Assets.xcassets */; };
		16B9C7B12C6776FC0074A356 /* Preview Assets.xcassets in Resources */ = {isa = PBXBuildFile; fileRef = 16B9C7B02C6776FC0074A356 /* Preview Assets.xcassets */; };
		16B9C7BB2C6776FC0074A356 /* RickAndMortyInfoverseTests.swift in Sources */ = {isa = PBXBuildFile; fileRef = 16B9C7BA2C6776FC0074A356 /* RickAndMortyInfoverseTests.swift */; };
		16B9C7C52C6776FC0074A356 /* RickAndMortyInfoverseUITests.swift in Sources */ = {isa = PBXBuildFile; fileRef = 16B9C7C42C6776FC0074A356 /* RickAndMortyInfoverseUITests.swift */; };
		16B9C7C72C6776FC0074A356 /* RickAndMortyInfoverseUITestsLaunchTests.swift in Sources */ = {isa = PBXBuildFile; fileRef = 16B9C7C62C6776FC0074A356 /* RickAndMortyInfoverseUITestsLaunchTests.swift */; };
		16B9C7E02C679B0D0074A356 /* RequestConfiguration.swift in Sources */ = {isa = PBXBuildFile; fileRef = 16B9C7DF2C679B0D0074A356 /* RequestConfiguration.swift */; };
		16B9C7E32C679B470074A356 /* Alamofire in Frameworks */ = {isa = PBXBuildFile; productRef = 16B9C7E22C679B470074A356 /* Alamofire */; };
		16B9C8072C679D740074A356 /* NetworkError.swift in Sources */ = {isa = PBXBuildFile; fileRef = 16B9C8062C679D740074A356 /* NetworkError.swift */; };
		16B9C8092C679DA90074A356 /* NetworkProtocol.swift in Sources */ = {isa = PBXBuildFile; fileRef = 16B9C8082C679DA90074A356 /* NetworkProtocol.swift */; };
		16B9C80B2C679DDF0074A356 /* Network.swift in Sources */ = {isa = PBXBuildFile; fileRef = 16B9C80A2C679DDF0074A356 /* Network.swift */; };
		16B9C89B2C67DB5E0074A356 /* Color.swift in Sources */ = {isa = PBXBuildFile; fileRef = 16B9C89A2C67DB5E0074A356 /* Color.swift */; };
		16B9C89E2C67DB7F0074A356 /* Shape.swift in Sources */ = {isa = PBXBuildFile; fileRef = 16B9C89D2C67DB7F0074A356 /* Shape.swift */; };
		16B9C8A52C67DD140074A356 /* Inter-Medium.ttf in Resources */ = {isa = PBXBuildFile; fileRef = 16B9C8A12C67DD140074A356 /* Inter-Medium.ttf */; };
		16B9C8A72C67DD140074A356 /* Inter-Bold.ttf in Resources */ = {isa = PBXBuildFile; fileRef = 16B9C8A22C67DD140074A356 /* Inter-Bold.ttf */; };
		16B9C8A92C67DD140074A356 /* Inter-Regular.ttf in Resources */ = {isa = PBXBuildFile; fileRef = 16B9C8A32C67DD140074A356 /* Inter-Regular.ttf */; };
		16B9C8AB2C67DD140074A356 /* Inter-SemiBold.ttf in Resources */ = {isa = PBXBuildFile; fileRef = 16B9C8A42C67DD140074A356 /* Inter-SemiBold.ttf */; };
		16B9C8AE2C67DD710074A356 /* CustomFont.swift in Sources */ = {isa = PBXBuildFile; fileRef = 16B9C8AD2C67DD710074A356 /* CustomFont.swift */; };
		16B9C8B32C67E18C0074A356 /* RMCharacterCard.swift in Sources */ = {isa = PBXBuildFile; fileRef = 16B9C8B22C67E18C0074A356 /* RMCharacterCard.swift */; };
		16B9C8B72C67E3C40074A356 /* Characters.swift in Sources */ = {isa = PBXBuildFile; fileRef = 16B9C8B62C67E3C40074A356 /* Characters.swift */; };
		16B9C8BD2C686EF90074A356 /* RMRequestConfiguration.swift in Sources */ = {isa = PBXBuildFile; fileRef = 16B9C8BC2C686EF90074A356 /* RMRequestConfiguration.swift */; };
		16B9C8C12C6876350074A356 /* Encodable.swift in Sources */ = {isa = PBXBuildFile; fileRef = 16B9C8C02C6876350074A356 /* Encodable.swift */; };
		16B9C8C42C6877560074A356 /* RMRemoteDataSource.swift in Sources */ = {isa = PBXBuildFile; fileRef = 16B9C8C32C6877560074A356 /* RMRemoteDataSource.swift */; };
		16B9C8C82C687D880074A356 /* RMCharacterResponse.swift in Sources */ = {isa = PBXBuildFile; fileRef = 16B9C8C72C687D880074A356 /* RMCharacterResponse.swift */; };
		16B9C8CD2C6885DB0074A356 /* RMCharacter.swift in Sources */ = {isa = PBXBuildFile; fileRef = 16B9C8CC2C6885DB0074A356 /* RMCharacter.swift */; };
		16B9C8D02C688DFC0074A356 /* RMCharacterRepository.swift in Sources */ = {isa = PBXBuildFile; fileRef = 16B9C8CF2C688DFC0074A356 /* RMCharacterRepository.swift */; };
		16B9C8D32C68B3350074A356 /* RMCharacterMappers.swift in Sources */ = {isa = PBXBuildFile; fileRef = 16B9C8D22C68B3350074A356 /* RMCharacterMappers.swift */; };
		16B9C8D62C68B5BA0074A356 /* RMLocationResponse.swift in Sources */ = {isa = PBXBuildFile; fileRef = 16B9C8D52C68B5BA0074A356 /* RMLocationResponse.swift */; };
		16B9C8DE2C68B9DC0074A356 /* RMCharacterGender.swift in Sources */ = {isa = PBXBuildFile; fileRef = 16B9C8DD2C68B9DC0074A356 /* RMCharacterGender.swift */; };
		16B9C8E02C68B9F30074A356 /* RMCharacterStatus.swift in Sources */ = {isa = PBXBuildFile; fileRef = 16B9C8DF2C68B9F30074A356 /* RMCharacterStatus.swift */; };
		16B9C8E22C68BA690074A356 /* RMEpisodeResponse.swift in Sources */ = {isa = PBXBuildFile; fileRef = 16B9C8E12C68BA690074A356 /* RMEpisodeResponse.swift */; };
		16B9C8E42C68CC270074A356 /* InfoDTO.swift in Sources */ = {isa = PBXBuildFile; fileRef = 16B9C8E32C68CC270074A356 /* InfoDTO.swift */; };
		16B9C8E62C68CF710074A356 /* RMLocation.swift in Sources */ = {isa = PBXBuildFile; fileRef = 16B9C8E52C68CF710074A356 /* RMLocation.swift */; };
		16B9C8E82C68D0120074A356 /* RMLocationMappers.swift in Sources */ = {isa = PBXBuildFile; fileRef = 16B9C8E72C68D0120074A356 /* RMLocationMappers.swift */; };
		16B9C8EB2C68D8B50074A356 /* CharactersVM.swift in Sources */ = {isa = PBXBuildFile; fileRef = 16B9C8EA2C68D8B50074A356 /* CharactersVM.swift */; };
		16BBD6B32C69EAB1004FB639 /* Kingfisher in Frameworks */ = {isa = PBXBuildFile; productRef = 16BBD6B22C69EAB1004FB639 /* Kingfisher */; };
		16BBD6B52C69FD96004FB639 /* RMEndpoint.swift in Sources */ = {isa = PBXBuildFile; fileRef = 16BBD6B42C69FD96004FB639 /* RMEndpoint.swift */; };
		16EF8E1C2C831EFC00978AE9 /* EpisodeCardView.swift in Sources */ = {isa = PBXBuildFile; fileRef = 16EF8E1B2C831EFC00978AE9 /* EpisodeCardView.swift */; };
		16EF8E202C84E56A00978AE9 /* EpisodeDetailVM.swift in Sources */ = {isa = PBXBuildFile; fileRef = 16EF8E1F2C84E56A00978AE9 /* EpisodeDetailVM.swift */; };
		16EF8E222C84E57600978AE9 /* EpisodeDetail.swift in Sources */ = {isa = PBXBuildFile; fileRef = 16EF8E212C84E57600978AE9 /* EpisodeDetail.swift */; };
		16EF8E252C84F66100978AE9 /* Measure.swift in Sources */ = {isa = PBXBuildFile; fileRef = 16EF8E242C84F66100978AE9 /* Measure.swift */; };
		16EF8E282C85B4DC00978AE9 /* CustomTabBar.swift in Sources */ = {isa = PBXBuildFile; fileRef = 16EF8E272C85B4DC00978AE9 /* CustomTabBar.swift */; };
		16EF8E2B2C85BE8D00978AE9 /* Locations.swift in Sources */ = {isa = PBXBuildFile; fileRef = 16EF8E2A2C85BE8D00978AE9 /* Locations.swift */; };
		16EF8E2D2C85BE9E00978AE9 /* Episodes.swift in Sources */ = {isa = PBXBuildFile; fileRef = 16EF8E2C2C85BE9E00978AE9 /* Episodes.swift */; };
/* End PBXBuildFile section */

/* Begin PBXContainerItemProxy section */
		16B9C7B72C6776FC0074A356 /* PBXContainerItemProxy */ = {
			isa = PBXContainerItemProxy;
			containerPortal = 16B9C79C2C6776FA0074A356 /* Project object */;
			proxyType = 1;
			remoteGlobalIDString = 16B9C7A32C6776FA0074A356;
			remoteInfo = RickAndMortyInfoverse;
		};
		16B9C7C12C6776FC0074A356 /* PBXContainerItemProxy */ = {
			isa = PBXContainerItemProxy;
			containerPortal = 16B9C79C2C6776FA0074A356 /* Project object */;
			proxyType = 1;
			remoteGlobalIDString = 16B9C7A32C6776FA0074A356;
			remoteInfo = RickAndMortyInfoverse;
		};
/* End PBXContainerItemProxy section */

/* Begin PBXFileReference section */
		161DB5342C6BC6E300F965BF /* CharacterDetail.swift */ = {isa = PBXFileReference; lastKnownFileType = sourcecode.swift; path = CharacterDetail.swift; sourceTree = "<group>"; };
		161DB5372C6BC6F000F965BF /* CharacterDetailVM.swift */ = {isa = PBXFileReference; lastKnownFileType = sourcecode.swift; path = CharacterDetailVM.swift; sourceTree = "<group>"; };
		161DB5392C6C7DEF00F965BF /* RMEpisode.swift */ = {isa = PBXFileReference; lastKnownFileType = sourcecode.swift; path = RMEpisode.swift; sourceTree = "<group>"; };
		1669579C2C73110300CFDD75 /* LocationCard.swift */ = {isa = PBXFileReference; lastKnownFileType = sourcecode.swift; path = LocationCard.swift; sourceTree = "<group>"; };
		1669579E2C73113E00CFDD75 /* CustomCapsule.swift */ = {isa = PBXFileReference; lastKnownFileType = sourcecode.swift; path = CustomCapsule.swift; sourceTree = "<group>"; };
		166957A12C73119500CFDD75 /* BackButton.swift */ = {isa = PBXFileReference; lastKnownFileType = sourcecode.swift; path = BackButton.swift; sourceTree = "<group>"; };
		166957A42C7319C300CFDD75 /* RMEpisodeRepository.swift */ = {isa = PBXFileReference; lastKnownFileType = sourcecode.swift; path = RMEpisodeRepository.swift; sourceTree = "<group>"; };
		166957A62C731B2300CFDD75 /* RMEpisodeMappers.swift */ = {isa = PBXFileReference; lastKnownFileType = sourcecode.swift; path = RMEpisodeMappers.swift; sourceTree = "<group>"; };
		166957A82C731BB500CFDD75 /* String.swift */ = {isa = PBXFileReference; lastKnownFileType = sourcecode.swift; path = String.swift; sourceTree = "<group>"; };
		16ABDE902C872C4E00B20C97 /* CustomListItem.swift */ = {isa = PBXFileReference; lastKnownFileType = sourcecode.swift; path = CustomListItem.swift; sourceTree = "<group>"; };
		16ABDE982C872CD800B20C97 /* LocationDetail.swift */ = {isa = PBXFileReference; lastKnownFileType = sourcecode.swift; path = LocationDetail.swift; sourceTree = "<group>"; };
		16ABDE9A2C872D4700B20C97 /* LocationDetailVM.swift */ = {isa = PBXFileReference; lastKnownFileType = sourcecode.swift; path = LocationDetailVM.swift; sourceTree = "<group>"; };
		16ABDE9C2C87303300B20C97 /* RMLocationRepository.swift */ = {isa = PBXFileReference; lastKnownFileType = sourcecode.swift; path = RMLocationRepository.swift; sourceTree = "<group>"; };
		16B9C7A42C6776FA0074A356 /* RickAndMortyInfoverse.app */ = {isa = PBXFileReference; explicitFileType = wrapper.application; includeInIndex = 0; path = RickAndMortyInfoverse.app; sourceTree = BUILT_PRODUCTS_DIR; };
		16B9C7A72C6776FA0074A356 /* RickAndMortyInfoverseApp.swift */ = {isa = PBXFileReference; lastKnownFileType = sourcecode.swift; path = RickAndMortyInfoverseApp.swift; sourceTree = "<group>"; };
		16B9C7A92C6776FA0074A356 /* ContentView.swift */ = {isa = PBXFileReference; lastKnownFileType = sourcecode.swift; path = ContentView.swift; sourceTree = "<group>"; };
		16B9C7AD2C6776FC0074A356 /* Assets.xcassets */ = {isa = PBXFileReference; lastKnownFileType = folder.assetcatalog; path = Assets.xcassets; sourceTree = "<group>"; };
		16B9C7B02C6776FC0074A356 /* Preview Assets.xcassets */ = {isa = PBXFileReference; lastKnownFileType = folder.assetcatalog; path = "Preview Assets.xcassets"; sourceTree = "<group>"; };
		16B9C7B62C6776FC0074A356 /* RickAndMortyInfoverseTests.xctest */ = {isa = PBXFileReference; explicitFileType = wrapper.cfbundle; includeInIndex = 0; path = RickAndMortyInfoverseTests.xctest; sourceTree = BUILT_PRODUCTS_DIR; };
		16B9C7BA2C6776FC0074A356 /* RickAndMortyInfoverseTests.swift */ = {isa = PBXFileReference; lastKnownFileType = sourcecode.swift; path = RickAndMortyInfoverseTests.swift; sourceTree = "<group>"; };
		16B9C7C02C6776FC0074A356 /* RickAndMortyInfoverseUITests.xctest */ = {isa = PBXFileReference; explicitFileType = wrapper.cfbundle; includeInIndex = 0; path = RickAndMortyInfoverseUITests.xctest; sourceTree = BUILT_PRODUCTS_DIR; };
		16B9C7C42C6776FC0074A356 /* RickAndMortyInfoverseUITests.swift */ = {isa = PBXFileReference; lastKnownFileType = sourcecode.swift; path = RickAndMortyInfoverseUITests.swift; sourceTree = "<group>"; };
		16B9C7C62C6776FC0074A356 /* RickAndMortyInfoverseUITestsLaunchTests.swift */ = {isa = PBXFileReference; lastKnownFileType = sourcecode.swift; path = RickAndMortyInfoverseUITestsLaunchTests.swift; sourceTree = "<group>"; };
		16B9C7DF2C679B0D0074A356 /* RequestConfiguration.swift */ = {isa = PBXFileReference; lastKnownFileType = sourcecode.swift; path = RequestConfiguration.swift; sourceTree = "<group>"; };
		16B9C8062C679D740074A356 /* NetworkError.swift */ = {isa = PBXFileReference; lastKnownFileType = sourcecode.swift; path = NetworkError.swift; sourceTree = "<group>"; };
		16B9C8082C679DA90074A356 /* NetworkProtocol.swift */ = {isa = PBXFileReference; lastKnownFileType = sourcecode.swift; path = NetworkProtocol.swift; sourceTree = "<group>"; };
		16B9C80A2C679DDF0074A356 /* Network.swift */ = {isa = PBXFileReference; lastKnownFileType = sourcecode.swift; path = Network.swift; sourceTree = "<group>"; };
		16B9C89A2C67DB5E0074A356 /* Color.swift */ = {isa = PBXFileReference; lastKnownFileType = sourcecode.swift; path = Color.swift; sourceTree = "<group>"; };
		16B9C89D2C67DB7F0074A356 /* Shape.swift */ = {isa = PBXFileReference; lastKnownFileType = sourcecode.swift; path = Shape.swift; sourceTree = "<group>"; };
		16B9C8A12C67DD140074A356 /* Inter-Medium.ttf */ = {isa = PBXFileReference; lastKnownFileType = file; path = "Inter-Medium.ttf"; sourceTree = "<group>"; };
		16B9C8A22C67DD140074A356 /* Inter-Bold.ttf */ = {isa = PBXFileReference; lastKnownFileType = file; path = "Inter-Bold.ttf"; sourceTree = "<group>"; };
		16B9C8A32C67DD140074A356 /* Inter-Regular.ttf */ = {isa = PBXFileReference; lastKnownFileType = file; path = "Inter-Regular.ttf"; sourceTree = "<group>"; };
		16B9C8A42C67DD140074A356 /* Inter-SemiBold.ttf */ = {isa = PBXFileReference; lastKnownFileType = file; path = "Inter-SemiBold.ttf"; sourceTree = "<group>"; };
		16B9C8AD2C67DD710074A356 /* CustomFont.swift */ = {isa = PBXFileReference; lastKnownFileType = sourcecode.swift; path = CustomFont.swift; sourceTree = "<group>"; };
		16B9C8B12C67DE6E0074A356 /* Info.plist */ = {isa = PBXFileReference; lastKnownFileType = text.plist; path = Info.plist; sourceTree = "<group>"; };
		16B9C8B22C67E18C0074A356 /* RMCharacterCard.swift */ = {isa = PBXFileReference; lastKnownFileType = sourcecode.swift; path = RMCharacterCard.swift; sourceTree = "<group>"; };
		16B9C8B62C67E3C40074A356 /* Characters.swift */ = {isa = PBXFileReference; lastKnownFileType = sourcecode.swift; path = Characters.swift; sourceTree = "<group>"; };
		16B9C8BC2C686EF90074A356 /* RMRequestConfiguration.swift */ = {isa = PBXFileReference; lastKnownFileType = sourcecode.swift; path = RMRequestConfiguration.swift; sourceTree = "<group>"; };
		16B9C8C02C6876350074A356 /* Encodable.swift */ = {isa = PBXFileReference; lastKnownFileType = sourcecode.swift; path = Encodable.swift; sourceTree = "<group>"; };
		16B9C8C32C6877560074A356 /* RMRemoteDataSource.swift */ = {isa = PBXFileReference; lastKnownFileType = sourcecode.swift; path = RMRemoteDataSource.swift; sourceTree = "<group>"; };
		16B9C8C72C687D880074A356 /* RMCharacterResponse.swift */ = {isa = PBXFileReference; lastKnownFileType = sourcecode.swift; path = RMCharacterResponse.swift; sourceTree = "<group>"; };
		16B9C8CC2C6885DB0074A356 /* RMCharacter.swift */ = {isa = PBXFileReference; lastKnownFileType = sourcecode.swift; path = RMCharacter.swift; sourceTree = "<group>"; };
		16B9C8CF2C688DFC0074A356 /* RMCharacterRepository.swift */ = {isa = PBXFileReference; lastKnownFileType = sourcecode.swift; path = RMCharacterRepository.swift; sourceTree = "<group>"; };
		16B9C8D22C68B3350074A356 /* RMCharacterMappers.swift */ = {isa = PBXFileReference; lastKnownFileType = sourcecode.swift; path = RMCharacterMappers.swift; sourceTree = "<group>"; };
		16B9C8D52C68B5BA0074A356 /* RMLocationResponse.swift */ = {isa = PBXFileReference; lastKnownFileType = sourcecode.swift; path = RMLocationResponse.swift; sourceTree = "<group>"; };
		16B9C8DD2C68B9DC0074A356 /* RMCharacterGender.swift */ = {isa = PBXFileReference; lastKnownFileType = sourcecode.swift; path = RMCharacterGender.swift; sourceTree = "<group>"; };
		16B9C8DF2C68B9F30074A356 /* RMCharacterStatus.swift */ = {isa = PBXFileReference; lastKnownFileType = sourcecode.swift; path = RMCharacterStatus.swift; sourceTree = "<group>"; };
		16B9C8E12C68BA690074A356 /* RMEpisodeResponse.swift */ = {isa = PBXFileReference; lastKnownFileType = sourcecode.swift; path = RMEpisodeResponse.swift; sourceTree = "<group>"; };
		16B9C8E32C68CC270074A356 /* InfoDTO.swift */ = {isa = PBXFileReference; lastKnownFileType = sourcecode.swift; path = InfoDTO.swift; sourceTree = "<group>"; };
		16B9C8E52C68CF710074A356 /* RMLocation.swift */ = {isa = PBXFileReference; lastKnownFileType = sourcecode.swift; path = RMLocation.swift; sourceTree = "<group>"; };
		16B9C8E72C68D0120074A356 /* RMLocationMappers.swift */ = {isa = PBXFileReference; lastKnownFileType = sourcecode.swift; path = RMLocationMappers.swift; sourceTree = "<group>"; };
		16B9C8EA2C68D8B50074A356 /* CharactersVM.swift */ = {isa = PBXFileReference; lastKnownFileType = sourcecode.swift; path = CharactersVM.swift; sourceTree = "<group>"; };
		16BBD6B42C69FD96004FB639 /* RMEndpoint.swift */ = {isa = PBXFileReference; lastKnownFileType = sourcecode.swift; path = RMEndpoint.swift; sourceTree = "<group>"; };
		16EF8E1B2C831EFC00978AE9 /* EpisodeCardView.swift */ = {isa = PBXFileReference; lastKnownFileType = sourcecode.swift; path = EpisodeCardView.swift; sourceTree = "<group>"; };
		16EF8E1F2C84E56A00978AE9 /* EpisodeDetailVM.swift */ = {isa = PBXFileReference; lastKnownFileType = sourcecode.swift; path = EpisodeDetailVM.swift; sourceTree = "<group>"; };
		16EF8E212C84E57600978AE9 /* EpisodeDetail.swift */ = {isa = PBXFileReference; lastKnownFileType = sourcecode.swift; path = EpisodeDetail.swift; sourceTree = "<group>"; };
		16EF8E242C84F66100978AE9 /* Measure.swift */ = {isa = PBXFileReference; lastKnownFileType = sourcecode.swift; path = Measure.swift; sourceTree = "<group>"; };
		16EF8E272C85B4DC00978AE9 /* CustomTabBar.swift */ = {isa = PBXFileReference; lastKnownFileType = sourcecode.swift; path = CustomTabBar.swift; sourceTree = "<group>"; };
		16EF8E2A2C85BE8D00978AE9 /* Locations.swift */ = {isa = PBXFileReference; lastKnownFileType = sourcecode.swift; path = Locations.swift; sourceTree = "<group>"; };
		16EF8E2C2C85BE9E00978AE9 /* Episodes.swift */ = {isa = PBXFileReference; lastKnownFileType = sourcecode.swift; path = Episodes.swift; sourceTree = "<group>"; };
/* End PBXFileReference section */

/* Begin PBXFrameworksBuildPhase section */
		16B9C7A12C6776FA0074A356 /* Frameworks */ = {
			isa = PBXFrameworksBuildPhase;
			buildActionMask = 2147483647;
			files = (
				16BBD6B32C69EAB1004FB639 /* Kingfisher in Frameworks */,
				16B9C7E32C679B470074A356 /* Alamofire in Frameworks */,
			);
			runOnlyForDeploymentPostprocessing = 0;
		};
		16B9C7B32C6776FC0074A356 /* Frameworks */ = {
			isa = PBXFrameworksBuildPhase;
			buildActionMask = 2147483647;
			files = (
			);
			runOnlyForDeploymentPostprocessing = 0;
		};
		16B9C7BD2C6776FC0074A356 /* Frameworks */ = {
			isa = PBXFrameworksBuildPhase;
			buildActionMask = 2147483647;
			files = (
			);
			runOnlyForDeploymentPostprocessing = 0;
		};
/* End PBXFrameworksBuildPhase section */

/* Begin PBXGroup section */
		161DB5332C6BC6D500F965BF /* ChracterDetail */ = {
			isa = PBXGroup;
			children = (
				1669579B2C7310E700CFDD75 /* Views */,
				161DB5342C6BC6E300F965BF /* CharacterDetail.swift */,
				161DB5372C6BC6F000F965BF /* CharacterDetailVM.swift */,
			);
			path = ChracterDetail;
			sourceTree = "<group>";
		};
		1669579B2C7310E700CFDD75 /* Views */ = {
			isa = PBXGroup;
			children = (
				1669579C2C73110300CFDD75 /* LocationCard.swift */,
				1669579E2C73113E00CFDD75 /* CustomCapsule.swift */,
				16EF8E1B2C831EFC00978AE9 /* EpisodeCardView.swift */,
			);
			path = Views;
			sourceTree = "<group>";
		};
		166957A02C73116400CFDD75 /* CommonViews */ = {
			isa = PBXGroup;
			children = (
				166957A12C73119500CFDD75 /* BackButton.swift */,
				16ABDE902C872C4E00B20C97 /* CustomListItem.swift */,
			);
			path = CommonViews;
			sourceTree = "<group>";
		};
		16ABDE932C872C9200B20C97 /* LocationDetail */ = {
			isa = PBXGroup;
			children = (
				16ABDE982C872CD800B20C97 /* LocationDetail.swift */,
				16ABDE9A2C872D4700B20C97 /* LocationDetailVM.swift */,
			);
			path = LocationDetail;
			sourceTree = "<group>";
		};
		16B9C79B2C6776FA0074A356 = {
			isa = PBXGroup;
			children = (
				16B9C7A62C6776FA0074A356 /* RickAndMortyInfoverse */,
				16B9C7B92C6776FC0074A356 /* RickAndMortyInfoverseTests */,
				16B9C7C32C6776FC0074A356 /* RickAndMortyInfoverseUITests */,
				16B9C7A52C6776FA0074A356 /* Products */,
			);
			sourceTree = "<group>";
		};
		16B9C7A52C6776FA0074A356 /* Products */ = {
			isa = PBXGroup;
			children = (
				16B9C7A42C6776FA0074A356 /* RickAndMortyInfoverse.app */,
				16B9C7B62C6776FC0074A356 /* RickAndMortyInfoverseTests.xctest */,
				16B9C7C02C6776FC0074A356 /* RickAndMortyInfoverseUITests.xctest */,
			);
			name = Products;
			sourceTree = "<group>";
		};
		16B9C7A62C6776FA0074A356 /* RickAndMortyInfoverse */ = {
			isa = PBXGroup;
			children = (
				16B9C7D32C6789730074A356 /* Application */,
				166957A02C73116400CFDD75 /* CommonViews */,
				16B9C7D42C6799060074A356 /* Data */,
				16B9C8992C67DB4D0074A356 /* Extensions */,
				16B9C80C2C67A1290074A356 /* Feature */,
				16EF8E232C84F64F00978AE9 /* Utils */,
				16B9C7AF2C6776FC0074A356 /* Preview Content */,
				16B9C89F2C67DBB40074A356 /* Resources */,
				16B9C8B12C67DE6E0074A356 /* Info.plist */,
			);
			path = RickAndMortyInfoverse;
			sourceTree = "<group>";
		};
		16B9C7AF2C6776FC0074A356 /* Preview Content */ = {
			isa = PBXGroup;
			children = (
				16B9C7B02C6776FC0074A356 /* Preview Assets.xcassets */,
			);
			path = "Preview Content";
			sourceTree = "<group>";
		};
		16B9C7B92C6776FC0074A356 /* RickAndMortyInfoverseTests */ = {
			isa = PBXGroup;
			children = (
				16B9C7BA2C6776FC0074A356 /* RickAndMortyInfoverseTests.swift */,
			);
			path = RickAndMortyInfoverseTests;
			sourceTree = "<group>";
		};
		16B9C7C32C6776FC0074A356 /* RickAndMortyInfoverseUITests */ = {
			isa = PBXGroup;
			children = (
				16B9C7C42C6776FC0074A356 /* RickAndMortyInfoverseUITests.swift */,
				16B9C7C62C6776FC0074A356 /* RickAndMortyInfoverseUITestsLaunchTests.swift */,
			);
			path = RickAndMortyInfoverseUITests;
			sourceTree = "<group>";
		};
		16B9C7D32C6789730074A356 /* Application */ = {
			isa = PBXGroup;
			children = (
				16B9C7A72C6776FA0074A356 /* RickAndMortyInfoverseApp.swift */,
			);
			path = Application;
			sourceTree = "<group>";
		};
		16B9C7D42C6799060074A356 /* Data */ = {
			isa = PBXGroup;
			children = (
				16B9C7DB2C679AB40074A356 /* DataSource */,
				16B9C7DE2C679AE90074A356 /* Models */,
				16B9C7D52C6799310074A356 /* Network */,
				16B9C7DA2C679A780074A356 /* Repositories */,
			);
			path = Data;
			sourceTree = "<group>";
		};
		16B9C7D52C6799310074A356 /* Network */ = {
			isa = PBXGroup;
			children = (
				16B9C7D62C679A1F0074A356 /* Core */,
				16B9C7D82C679A2D0074A356 /* Interceptors */,
				16B9C7D92C679A4F0074A356 /* RequestConfigurations */,
				16B9C80A2C679DDF0074A356 /* Network.swift */,
			);
			path = Network;
			sourceTree = "<group>";
		};
		16B9C7D62C679A1F0074A356 /* Core */ = {
			isa = PBXGroup;
			children = (
				16B9C8062C679D740074A356 /* NetworkError.swift */,
				16B9C8082C679DA90074A356 /* NetworkProtocol.swift */,
				16B9C7DF2C679B0D0074A356 /* RequestConfiguration.swift */,
			);
			path = Core;
			sourceTree = "<group>";
		};
		16B9C7D82C679A2D0074A356 /* Interceptors */ = {
			isa = PBXGroup;
			children = (
			);
			path = Interceptors;
			sourceTree = "<group>";
		};
		16B9C7D92C679A4F0074A356 /* RequestConfigurations */ = {
			isa = PBXGroup;
			children = (
				16BBD6B42C69FD96004FB639 /* RMEndpoint.swift */,
				16B9C8BC2C686EF90074A356 /* RMRequestConfiguration.swift */,
			);
			path = RequestConfigurations;
			sourceTree = "<group>";
		};
		16B9C7DA2C679A780074A356 /* Repositories */ = {
			isa = PBXGroup;
			children = (
				16B9C8CF2C688DFC0074A356 /* RMCharacterRepository.swift */,
				166957A42C7319C300CFDD75 /* RMEpisodeRepository.swift */,
				16ABDE9C2C87303300B20C97 /* RMLocationRepository.swift */,
			);
			path = Repositories;
			sourceTree = "<group>";
		};
		16B9C7DB2C679AB40074A356 /* DataSource */ = {
			isa = PBXGroup;
			children = (
				16B9C8D12C68B30F0074A356 /* Mappers */,
				16B9C7DD2C679AC00074A356 /* Server */,
			);
			path = DataSource;
			sourceTree = "<group>";
		};
		16B9C7DD2C679AC00074A356 /* Server */ = {
			isa = PBXGroup;
			children = (
				16B9C8C32C6877560074A356 /* RMRemoteDataSource.swift */,
			);
			path = Server;
			sourceTree = "<group>";
		};
		16B9C7DE2C679AE90074A356 /* Models */ = {
			isa = PBXGroup;
			children = (
				16B9C8DC2C68B9C70074A356 /* DataTypes */,
				16B9C8CB2C6885D10074A356 /* Request */,
				16B9C8C62C687D800074A356 /* Response */,
				16B9C8CE2C68895C0074A356 /* ViewModel */,
			);
			path = Models;
			sourceTree = "<group>";
		};
		16B9C80C2C67A1290074A356 /* Feature */ = {
			isa = PBXGroup;
			children = (
				16B9C8E92C68D8A30074A356 /* Characters */,
				161DB5332C6BC6D500F965BF /* ChracterDetail */,
				16EF8E1E2C84E56000978AE9 /* EpisodeDetail */,
				16EF8E1D2C84E54A00978AE9 /* Episodes */,
				16ABDE932C872C9200B20C97 /* LocationDetail */,
				16EF8E292C85BE7D00978AE9 /* Locations */,
				16EF8E262C85B4CF00978AE9 /* Navigation */,
				16B9C7A92C6776FA0074A356 /* ContentView.swift */,
			);
			path = Feature;
			sourceTree = "<group>";
		};
		16B9C8622C67D6CE0074A356 /* Views */ = {
			isa = PBXGroup;
			children = (
				16B9C8B22C67E18C0074A356 /* RMCharacterCard.swift */,
			);
			path = Views;
			sourceTree = "<group>";
		};
		16B9C8992C67DB4D0074A356 /* Extensions */ = {
			isa = PBXGroup;
			children = (
				16B9C8BF2C68762C0074A356 /* Foundation */,
				16B9C89C2C67DB760074A356 /* UI */,
			);
			path = Extensions;
			sourceTree = "<group>";
		};
		16B9C89C2C67DB760074A356 /* UI */ = {
			isa = PBXGroup;
			children = (
				16B9C89A2C67DB5E0074A356 /* Color.swift */,
				16B9C8AD2C67DD710074A356 /* CustomFont.swift */,
				16B9C89D2C67DB7F0074A356 /* Shape.swift */,
			);
			path = UI;
			sourceTree = "<group>";
		};
		16B9C89F2C67DBB40074A356 /* Resources */ = {
			isa = PBXGroup;
			children = (
				16B9C8A02C67DBDA0074A356 /* Fonts */,
				16B9C7AD2C6776FC0074A356 /* Assets.xcassets */,
			);
			path = Resources;
			sourceTree = "<group>";
		};
		16B9C8A02C67DBDA0074A356 /* Fonts */ = {
			isa = PBXGroup;
			children = (
				16B9C8A22C67DD140074A356 /* Inter-Bold.ttf */,
				16B9C8A12C67DD140074A356 /* Inter-Medium.ttf */,
				16B9C8A32C67DD140074A356 /* Inter-Regular.ttf */,
				16B9C8A42C67DD140074A356 /* Inter-SemiBold.ttf */,
			);
			path = Fonts;
			sourceTree = "<group>";
		};
		16B9C8BF2C68762C0074A356 /* Foundation */ = {
			isa = PBXGroup;
			children = (
				16B9C8C02C6876350074A356 /* Encodable.swift */,
				166957A82C731BB500CFDD75 /* String.swift */,
			);
			path = Foundation;
			sourceTree = "<group>";
		};
		16B9C8C62C687D800074A356 /* Response */ = {
			isa = PBXGroup;
			children = (
				16B9C8C72C687D880074A356 /* RMCharacterResponse.swift */,
				16B9C8E12C68BA690074A356 /* RMEpisodeResponse.swift */,
				16B9C8D52C68B5BA0074A356 /* RMLocationResponse.swift */,
			);
			path = Response;
			sourceTree = "<group>";
		};
		16B9C8CB2C6885D10074A356 /* Request */ = {
			isa = PBXGroup;
			children = (
			);
			path = Request;
			sourceTree = "<group>";
		};
		16B9C8CE2C68895C0074A356 /* ViewModel */ = {
			isa = PBXGroup;
			children = (
				16B9C8CC2C6885DB0074A356 /* RMCharacter.swift */,
				161DB5392C6C7DEF00F965BF /* RMEpisode.swift */,
				16B9C8E52C68CF710074A356 /* RMLocation.swift */,
			);
			path = ViewModel;
			sourceTree = "<group>";
		};
		16B9C8D12C68B30F0074A356 /* Mappers */ = {
			isa = PBXGroup;
			children = (
				16B9C8D22C68B3350074A356 /* RMCharacterMappers.swift */,
				166957A62C731B2300CFDD75 /* RMEpisodeMappers.swift */,
				16B9C8E72C68D0120074A356 /* RMLocationMappers.swift */,
			);
			path = Mappers;
			sourceTree = "<group>";
		};
		16B9C8DC2C68B9C70074A356 /* DataTypes */ = {
			isa = PBXGroup;
			children = (
				16B9C8E32C68CC270074A356 /* InfoDTO.swift */,
				16B9C8DD2C68B9DC0074A356 /* RMCharacterGender.swift */,
				16B9C8DF2C68B9F30074A356 /* RMCharacterStatus.swift */,
			);
			path = DataTypes;
			sourceTree = "<group>";
		};
		16B9C8E92C68D8A30074A356 /* Characters */ = {
			isa = PBXGroup;
			children = (
				16B9C8622C67D6CE0074A356 /* Views */,
				16B9C8B62C67E3C40074A356 /* Characters.swift */,
				16B9C8EA2C68D8B50074A356 /* CharactersVM.swift */,
			);
			path = Characters;
			sourceTree = "<group>";
		};
		16EF8E1D2C84E54A00978AE9 /* Episodes */ = {
			isa = PBXGroup;
			children = (
				16EF8E2C2C85BE9E00978AE9 /* Episodes.swift */,
			);
			path = Episodes;
			sourceTree = "<group>";
		};
		16EF8E1E2C84E56000978AE9 /* EpisodeDetail */ = {
			isa = PBXGroup;
			children = (
				16EF8E212C84E57600978AE9 /* EpisodeDetail.swift */,
				16EF8E1F2C84E56A00978AE9 /* EpisodeDetailVM.swift */,
			);
			path = EpisodeDetail;
			sourceTree = "<group>";
		};
		16EF8E232C84F64F00978AE9 /* Utils */ = {
			isa = PBXGroup;
			children = (
				16EF8E242C84F66100978AE9 /* Measure.swift */,
			);
			path = Utils;
			sourceTree = "<group>";
		};
		16EF8E262C85B4CF00978AE9 /* Navigation */ = {
			isa = PBXGroup;
			children = (
				16EF8E272C85B4DC00978AE9 /* CustomTabBar.swift */,
			);
			path = Navigation;
			sourceTree = "<group>";
		};
		16EF8E292C85BE7D00978AE9 /* Locations */ = {
			isa = PBXGroup;
			children = (
				16EF8E2A2C85BE8D00978AE9 /* Locations.swift */,
			);
			path = Locations;
			sourceTree = "<group>";
		};
/* End PBXGroup section */

/* Begin PBXNativeTarget section */
		16B9C7A32C6776FA0074A356 /* RickAndMortyInfoverse */ = {
			isa = PBXNativeTarget;
			buildConfigurationList = 16B9C7CA2C6776FC0074A356 /* Build configuration list for PBXNativeTarget "RickAndMortyInfoverse" */;
			buildPhases = (
				16B9C7A02C6776FA0074A356 /* Sources */,
				16B9C7A12C6776FA0074A356 /* Frameworks */,
				16B9C7A22C6776FA0074A356 /* Resources */,
			);
			buildRules = (
			);
			dependencies = (
			);
			name = RickAndMortyInfoverse;
			packageProductDependencies = (
				16B9C7E22C679B470074A356 /* Alamofire */,
				16BBD6B22C69EAB1004FB639 /* Kingfisher */,
			);
			productName = RickAndMortyInfoverse;
			productReference = 16B9C7A42C6776FA0074A356 /* RickAndMortyInfoverse.app */;
			productType = "com.apple.product-type.application";
		};
		16B9C7B52C6776FC0074A356 /* RickAndMortyInfoverseTests */ = {
			isa = PBXNativeTarget;
			buildConfigurationList = 16B9C7CD2C6776FC0074A356 /* Build configuration list for PBXNativeTarget "RickAndMortyInfoverseTests" */;
			buildPhases = (
				16B9C7B22C6776FC0074A356 /* Sources */,
				16B9C7B32C6776FC0074A356 /* Frameworks */,
				16B9C7B42C6776FC0074A356 /* Resources */,
			);
			buildRules = (
			);
			dependencies = (
				16B9C7B82C6776FC0074A356 /* PBXTargetDependency */,
			);
			name = RickAndMortyInfoverseTests;
			productName = RickAndMortyInfoverseTests;
			productReference = 16B9C7B62C6776FC0074A356 /* RickAndMortyInfoverseTests.xctest */;
			productType = "com.apple.product-type.bundle.unit-test";
		};
		16B9C7BF2C6776FC0074A356 /* RickAndMortyInfoverseUITests */ = {
			isa = PBXNativeTarget;
			buildConfigurationList = 16B9C7D02C6776FC0074A356 /* Build configuration list for PBXNativeTarget "RickAndMortyInfoverseUITests" */;
			buildPhases = (
				16B9C7BC2C6776FC0074A356 /* Sources */,
				16B9C7BD2C6776FC0074A356 /* Frameworks */,
				16B9C7BE2C6776FC0074A356 /* Resources */,
			);
			buildRules = (
			);
			dependencies = (
				16B9C7C22C6776FC0074A356 /* PBXTargetDependency */,
			);
			name = RickAndMortyInfoverseUITests;
			productName = RickAndMortyInfoverseUITests;
			productReference = 16B9C7C02C6776FC0074A356 /* RickAndMortyInfoverseUITests.xctest */;
			productType = "com.apple.product-type.bundle.ui-testing";
		};
/* End PBXNativeTarget section */

/* Begin PBXProject section */
		16B9C79C2C6776FA0074A356 /* Project object */ = {
			isa = PBXProject;
			attributes = {
				BuildIndependentTargetsInParallel = 1;
				LastSwiftUpdateCheck = 1540;
				LastUpgradeCheck = 1540;
				TargetAttributes = {
					16B9C7A32C6776FA0074A356 = {
						CreatedOnToolsVersion = 15.4;
					};
					16B9C7B52C6776FC0074A356 = {
						CreatedOnToolsVersion = 15.4;
						TestTargetID = 16B9C7A32C6776FA0074A356;
					};
					16B9C7BF2C6776FC0074A356 = {
						CreatedOnToolsVersion = 15.4;
						TestTargetID = 16B9C7A32C6776FA0074A356;
					};
				};
			};
			buildConfigurationList = 16B9C79F2C6776FA0074A356 /* Build configuration list for PBXProject "RickAndMortyInfoverse" */;
			compatibilityVersion = "Xcode 14.0";
			developmentRegion = en;
			hasScannedForEncodings = 0;
			knownRegions = (
				en,
				Base,
			);
			mainGroup = 16B9C79B2C6776FA0074A356;
			packageReferences = (
				16B9C7E12C679B470074A356 /* XCRemoteSwiftPackageReference "Alamofire" */,
				16BBD6B12C69EAB1004FB639 /* XCRemoteSwiftPackageReference "Kingfisher" */,
			);
			productRefGroup = 16B9C7A52C6776FA0074A356 /* Products */;
			projectDirPath = "";
			projectRoot = "";
			targets = (
				16B9C7A32C6776FA0074A356 /* RickAndMortyInfoverse */,
				16B9C7B52C6776FC0074A356 /* RickAndMortyInfoverseTests */,
				16B9C7BF2C6776FC0074A356 /* RickAndMortyInfoverseUITests */,
			);
		};
/* End PBXProject section */

/* Begin PBXResourcesBuildPhase section */
		16B9C7A22C6776FA0074A356 /* Resources */ = {
			isa = PBXResourcesBuildPhase;
			buildActionMask = 2147483647;
			files = (
				16B9C8AB2C67DD140074A356 /* Inter-SemiBold.ttf in Resources */,
				16B9C8A72C67DD140074A356 /* Inter-Bold.ttf in Resources */,
				16B9C7B12C6776FC0074A356 /* Preview Assets.xcassets in Resources */,
				16B9C8A52C67DD140074A356 /* Inter-Medium.ttf in Resources */,
				16B9C8A92C67DD140074A356 /* Inter-Regular.ttf in Resources */,
				16B9C7AE2C6776FC0074A356 /* Assets.xcassets in Resources */,
			);
			runOnlyForDeploymentPostprocessing = 0;
		};
		16B9C7B42C6776FC0074A356 /* Resources */ = {
			isa = PBXResourcesBuildPhase;
			buildActionMask = 2147483647;
			files = (
			);
			runOnlyForDeploymentPostprocessing = 0;
		};
		16B9C7BE2C6776FC0074A356 /* Resources */ = {
			isa = PBXResourcesBuildPhase;
			buildActionMask = 2147483647;
			files = (
			);
			runOnlyForDeploymentPostprocessing = 0;
		};
/* End PBXResourcesBuildPhase section */

/* Begin PBXSourcesBuildPhase section */
		16B9C7A02C6776FA0074A356 /* Sources */ = {
			isa = PBXSourcesBuildPhase;
			buildActionMask = 2147483647;
			files = (
				16B9C8BD2C686EF90074A356 /* RMRequestConfiguration.swift in Sources */,
				16EF8E252C84F66100978AE9 /* Measure.swift in Sources */,
				1669579D2C73110300CFDD75 /* LocationCard.swift in Sources */,
				16EF8E222C84E57600978AE9 /* EpisodeDetail.swift in Sources */,
				161DB53A2C6C7DEF00F965BF /* RMEpisode.swift in Sources */,
				16B9C8E22C68BA690074A356 /* RMEpisodeResponse.swift in Sources */,
				16B9C7AA2C6776FA0074A356 /* ContentView.swift in Sources */,
				166957A22C73119500CFDD75 /* BackButton.swift in Sources */,
				16EF8E2D2C85BE9E00978AE9 /* Episodes.swift in Sources */,
				16B9C8EB2C68D8B50074A356 /* CharactersVM.swift in Sources */,
				16B9C8D32C68B3350074A356 /* RMCharacterMappers.swift in Sources */,
				16B9C8092C679DA90074A356 /* NetworkProtocol.swift in Sources */,
				16EF8E1C2C831EFC00978AE9 /* EpisodeCardView.swift in Sources */,
				16EF8E202C84E56A00978AE9 /* EpisodeDetailVM.swift in Sources */,
				16B9C8D02C688DFC0074A356 /* RMCharacterRepository.swift in Sources */,
				16B9C8C12C6876350074A356 /* Encodable.swift in Sources */,
				16ABDE9B2C872D4700B20C97 /* LocationDetailVM.swift in Sources */,
				16B9C8B32C67E18C0074A356 /* RMCharacterCard.swift in Sources */,
				16ABDE912C872C4E00B20C97 /* CustomListItem.swift in Sources */,
				166957A72C731B2300CFDD75 /* RMEpisodeMappers.swift in Sources */,
				16B9C8CD2C6885DB0074A356 /* RMCharacter.swift in Sources */,
				16B9C7E02C679B0D0074A356 /* RequestConfiguration.swift in Sources */,
				16B9C89E2C67DB7F0074A356 /* Shape.swift in Sources */,
				16B9C7A82C6776FA0074A356 /* RickAndMortyInfoverseApp.swift in Sources */,
				16B9C8C42C6877560074A356 /* RMRemoteDataSource.swift in Sources */,
				16B9C8E42C68CC270074A356 /* InfoDTO.swift in Sources */,
				16B9C8DE2C68B9DC0074A356 /* RMCharacterGender.swift in Sources */,
				166957A52C7319C300CFDD75 /* RMEpisodeRepository.swift in Sources */,
				16B9C8B72C67E3C40074A356 /* Characters.swift in Sources */,
				16EF8E282C85B4DC00978AE9 /* CustomTabBar.swift in Sources */,
				16B9C8D62C68B5BA0074A356 /* RMLocationResponse.swift in Sources */,
				16B9C8E62C68CF710074A356 /* RMLocation.swift in Sources */,
				16B9C8E82C68D0120074A356 /* RMLocationMappers.swift in Sources */,
				161DB5382C6BC6F000F965BF /* CharacterDetailVM.swift in Sources */,
				16ABDE9D2C87303300B20C97 /* RMLocationRepository.swift in Sources */,
				166957A92C731BB500CFDD75 /* String.swift in Sources */,
				16B9C89B2C67DB5E0074A356 /* Color.swift in Sources */,
				16B9C8AE2C67DD710074A356 /* CustomFont.swift in Sources */,
				16B9C8E02C68B9F30074A356 /* RMCharacterStatus.swift in Sources */,
				16EF8E2B2C85BE8D00978AE9 /* Locations.swift in Sources */,
				161DB5352C6BC6E300F965BF /* CharacterDetail.swift in Sources */,
				16ABDE992C872CD800B20C97 /* LocationDetail.swift in Sources */,
				16B9C8C82C687D880074A356 /* RMCharacterResponse.swift in Sources */,
				16BBD6B52C69FD96004FB639 /* RMEndpoint.swift in Sources */,
				16B9C80B2C679DDF0074A356 /* Network.swift in Sources */,
				1669579F2C73113E00CFDD75 /* CustomCapsule.swift in Sources */,
				16B9C8072C679D740074A356 /* NetworkError.swift in Sources */,
			);
			runOnlyForDeploymentPostprocessing = 0;
		};
		16B9C7B22C6776FC0074A356 /* Sources */ = {
			isa = PBXSourcesBuildPhase;
			buildActionMask = 2147483647;
			files = (
				16B9C7BB2C6776FC0074A356 /* RickAndMortyInfoverseTests.swift in Sources */,
			);
			runOnlyForDeploymentPostprocessing = 0;
		};
		16B9C7BC2C6776FC0074A356 /* Sources */ = {
			isa = PBXSourcesBuildPhase;
			buildActionMask = 2147483647;
			files = (
				16B9C7C52C6776FC0074A356 /* RickAndMortyInfoverseUITests.swift in Sources */,
				16B9C7C72C6776FC0074A356 /* RickAndMortyInfoverseUITestsLaunchTests.swift in Sources */,
			);
			runOnlyForDeploymentPostprocessing = 0;
		};
/* End PBXSourcesBuildPhase section */

/* Begin PBXTargetDependency section */
		16B9C7B82C6776FC0074A356 /* PBXTargetDependency */ = {
			isa = PBXTargetDependency;
			target = 16B9C7A32C6776FA0074A356 /* RickAndMortyInfoverse */;
			targetProxy = 16B9C7B72C6776FC0074A356 /* PBXContainerItemProxy */;
		};
		16B9C7C22C6776FC0074A356 /* PBXTargetDependency */ = {
			isa = PBXTargetDependency;
			target = 16B9C7A32C6776FA0074A356 /* RickAndMortyInfoverse */;
			targetProxy = 16B9C7C12C6776FC0074A356 /* PBXContainerItemProxy */;
		};
/* End PBXTargetDependency section */

/* Begin XCBuildConfiguration section */
		16B9C7C82C6776FC0074A356 /* Debug */ = {
			isa = XCBuildConfiguration;
			buildSettings = {
				ALWAYS_SEARCH_USER_PATHS = NO;
				ASSETCATALOG_COMPILER_GENERATE_SWIFT_ASSET_SYMBOL_EXTENSIONS = YES;
				CLANG_ANALYZER_NONNULL = YES;
				CLANG_ANALYZER_NUMBER_OBJECT_CONVERSION = YES_AGGRESSIVE;
				CLANG_CXX_LANGUAGE_STANDARD = "gnu++20";
				CLANG_ENABLE_MODULES = YES;
				CLANG_ENABLE_OBJC_ARC = YES;
				CLANG_ENABLE_OBJC_WEAK = YES;
				CLANG_WARN_BLOCK_CAPTURE_AUTORELEASING = YES;
				CLANG_WARN_BOOL_CONVERSION = YES;
				CLANG_WARN_COMMA = YES;
				CLANG_WARN_CONSTANT_CONVERSION = YES;
				CLANG_WARN_DEPRECATED_OBJC_IMPLEMENTATIONS = YES;
				CLANG_WARN_DIRECT_OBJC_ISA_USAGE = YES_ERROR;
				CLANG_WARN_DOCUMENTATION_COMMENTS = YES;
				CLANG_WARN_EMPTY_BODY = YES;
				CLANG_WARN_ENUM_CONVERSION = YES;
				CLANG_WARN_INFINITE_RECURSION = YES;
				CLANG_WARN_INT_CONVERSION = YES;
				CLANG_WARN_NON_LITERAL_NULL_CONVERSION = YES;
				CLANG_WARN_OBJC_IMPLICIT_RETAIN_SELF = YES;
				CLANG_WARN_OBJC_LITERAL_CONVERSION = YES;
				CLANG_WARN_OBJC_ROOT_CLASS = YES_ERROR;
				CLANG_WARN_QUOTED_INCLUDE_IN_FRAMEWORK_HEADER = YES;
				CLANG_WARN_RANGE_LOOP_ANALYSIS = YES;
				CLANG_WARN_STRICT_PROTOTYPES = YES;
				CLANG_WARN_SUSPICIOUS_MOVE = YES;
				CLANG_WARN_UNGUARDED_AVAILABILITY = YES_AGGRESSIVE;
				CLANG_WARN_UNREACHABLE_CODE = YES;
				CLANG_WARN__DUPLICATE_METHOD_MATCH = YES;
				COPY_PHASE_STRIP = NO;
				DEBUG_INFORMATION_FORMAT = dwarf;
				ENABLE_STRICT_OBJC_MSGSEND = YES;
				ENABLE_TESTABILITY = YES;
				ENABLE_USER_SCRIPT_SANDBOXING = YES;
				GCC_C_LANGUAGE_STANDARD = gnu17;
				GCC_DYNAMIC_NO_PIC = NO;
				GCC_NO_COMMON_BLOCKS = YES;
				GCC_OPTIMIZATION_LEVEL = 0;
				GCC_PREPROCESSOR_DEFINITIONS = (
					"DEBUG=1",
					"$(inherited)",
				);
				GCC_WARN_64_TO_32_BIT_CONVERSION = YES;
				GCC_WARN_ABOUT_RETURN_TYPE = YES_ERROR;
				GCC_WARN_UNDECLARED_SELECTOR = YES;
				GCC_WARN_UNINITIALIZED_AUTOS = YES_AGGRESSIVE;
				GCC_WARN_UNUSED_FUNCTION = YES;
				GCC_WARN_UNUSED_VARIABLE = YES;
				IPHONEOS_DEPLOYMENT_TARGET = 17.5;
				LOCALIZATION_PREFERS_STRING_CATALOGS = YES;
				MTL_ENABLE_DEBUG_INFO = INCLUDE_SOURCE;
				MTL_FAST_MATH = YES;
				ONLY_ACTIVE_ARCH = YES;
				SDKROOT = iphoneos;
				SWIFT_ACTIVE_COMPILATION_CONDITIONS = "DEBUG $(inherited)";
				SWIFT_OPTIMIZATION_LEVEL = "-Onone";
			};
			name = Debug;
		};
		16B9C7C92C6776FC0074A356 /* Release */ = {
			isa = XCBuildConfiguration;
			buildSettings = {
				ALWAYS_SEARCH_USER_PATHS = NO;
				ASSETCATALOG_COMPILER_GENERATE_SWIFT_ASSET_SYMBOL_EXTENSIONS = YES;
				CLANG_ANALYZER_NONNULL = YES;
				CLANG_ANALYZER_NUMBER_OBJECT_CONVERSION = YES_AGGRESSIVE;
				CLANG_CXX_LANGUAGE_STANDARD = "gnu++20";
				CLANG_ENABLE_MODULES = YES;
				CLANG_ENABLE_OBJC_ARC = YES;
				CLANG_ENABLE_OBJC_WEAK = YES;
				CLANG_WARN_BLOCK_CAPTURE_AUTORELEASING = YES;
				CLANG_WARN_BOOL_CONVERSION = YES;
				CLANG_WARN_COMMA = YES;
				CLANG_WARN_CONSTANT_CONVERSION = YES;
				CLANG_WARN_DEPRECATED_OBJC_IMPLEMENTATIONS = YES;
				CLANG_WARN_DIRECT_OBJC_ISA_USAGE = YES_ERROR;
				CLANG_WARN_DOCUMENTATION_COMMENTS = YES;
				CLANG_WARN_EMPTY_BODY = YES;
				CLANG_WARN_ENUM_CONVERSION = YES;
				CLANG_WARN_INFINITE_RECURSION = YES;
				CLANG_WARN_INT_CONVERSION = YES;
				CLANG_WARN_NON_LITERAL_NULL_CONVERSION = YES;
				CLANG_WARN_OBJC_IMPLICIT_RETAIN_SELF = YES;
				CLANG_WARN_OBJC_LITERAL_CONVERSION = YES;
				CLANG_WARN_OBJC_ROOT_CLASS = YES_ERROR;
				CLANG_WARN_QUOTED_INCLUDE_IN_FRAMEWORK_HEADER = YES;
				CLANG_WARN_RANGE_LOOP_ANALYSIS = YES;
				CLANG_WARN_STRICT_PROTOTYPES = YES;
				CLANG_WARN_SUSPICIOUS_MOVE = YES;
				CLANG_WARN_UNGUARDED_AVAILABILITY = YES_AGGRESSIVE;
				CLANG_WARN_UNREACHABLE_CODE = YES;
				CLANG_WARN__DUPLICATE_METHOD_MATCH = YES;
				COPY_PHASE_STRIP = NO;
				DEBUG_INFORMATION_FORMAT = "dwarf-with-dsym";
				ENABLE_NS_ASSERTIONS = NO;
				ENABLE_STRICT_OBJC_MSGSEND = YES;
				ENABLE_USER_SCRIPT_SANDBOXING = YES;
				GCC_C_LANGUAGE_STANDARD = gnu17;
				GCC_NO_COMMON_BLOCKS = YES;
				GCC_WARN_64_TO_32_BIT_CONVERSION = YES;
				GCC_WARN_ABOUT_RETURN_TYPE = YES_ERROR;
				GCC_WARN_UNDECLARED_SELECTOR = YES;
				GCC_WARN_UNINITIALIZED_AUTOS = YES_AGGRESSIVE;
				GCC_WARN_UNUSED_FUNCTION = YES;
				GCC_WARN_UNUSED_VARIABLE = YES;
				IPHONEOS_DEPLOYMENT_TARGET = 17.5;
				LOCALIZATION_PREFERS_STRING_CATALOGS = YES;
				MTL_ENABLE_DEBUG_INFO = NO;
				MTL_FAST_MATH = YES;
				SDKROOT = iphoneos;
				SWIFT_COMPILATION_MODE = wholemodule;
				VALIDATE_PRODUCT = YES;
			};
			name = Release;
		};
		16B9C7CB2C6776FC0074A356 /* Debug */ = {
			isa = XCBuildConfiguration;
			buildSettings = {
				ASSETCATALOG_COMPILER_APPICON_NAME = AppIcon;
				ASSETCATALOG_COMPILER_GLOBAL_ACCENT_COLOR_NAME = AccentColor;
				CODE_SIGN_STYLE = Automatic;
				CURRENT_PROJECT_VERSION = 1;
				DEVELOPMENT_ASSET_PATHS = "\"RickAndMortyInfoverse/Preview Content\"";
				DEVELOPMENT_TEAM = 2G3ZY4K567;
				ENABLE_PREVIEWS = YES;
				GENERATE_INFOPLIST_FILE = YES;
				INFOPLIST_FILE = RickAndMortyInfoverse/Info.plist;
				INFOPLIST_KEY_LSApplicationCategoryType = "public.app-category.utilities";
				INFOPLIST_KEY_UIApplicationSceneManifest_Generation = YES;
				INFOPLIST_KEY_UIApplicationSupportsIndirectInputEvents = YES;
				INFOPLIST_KEY_UILaunchScreen_Generation = YES;
				INFOPLIST_KEY_UISupportedInterfaceOrientations = UIInterfaceOrientationPortrait;
				INFOPLIST_KEY_UISupportedInterfaceOrientations_iPad = "UIInterfaceOrientationLandscapeLeft UIInterfaceOrientationLandscapeRight UIInterfaceOrientationPortrait UIInterfaceOrientationPortraitUpsideDown";
				LD_RUNPATH_SEARCH_PATHS = (
					"$(inherited)",
					"@executable_path/Frameworks",
				);
				MARKETING_VERSION = 1.0;
				PRODUCT_BUNDLE_IDENTIFIER = com.nanda.RickAndMortyInfoverse;
				PRODUCT_NAME = "$(TARGET_NAME)";
				SUPPORTED_PLATFORMS = "iphoneos iphonesimulator";
				SUPPORTS_MACCATALYST = NO;
				SUPPORTS_XR_DESIGNED_FOR_IPHONE_IPAD = NO;
				SWIFT_EMIT_LOC_STRINGS = YES;
				SWIFT_VERSION = 5.0;
				TARGETED_DEVICE_FAMILY = "1,2";
			};
			name = Debug;
		};
		16B9C7CC2C6776FC0074A356 /* Release */ = {
			isa = XCBuildConfiguration;
			buildSettings = {
				ASSETCATALOG_COMPILER_APPICON_NAME = AppIcon;
				ASSETCATALOG_COMPILER_GLOBAL_ACCENT_COLOR_NAME = AccentColor;
				CODE_SIGN_STYLE = Automatic;
				CURRENT_PROJECT_VERSION = 1;
				DEVELOPMENT_ASSET_PATHS = "\"RickAndMortyInfoverse/Preview Content\"";
				DEVELOPMENT_TEAM = 2G3ZY4K567;
				ENABLE_PREVIEWS = YES;
				GENERATE_INFOPLIST_FILE = YES;
				INFOPLIST_FILE = RickAndMortyInfoverse/Info.plist;
				INFOPLIST_KEY_LSApplicationCategoryType = "public.app-category.utilities";
				INFOPLIST_KEY_UIApplicationSceneManifest_Generation = YES;
				INFOPLIST_KEY_UIApplicationSupportsIndirectInputEvents = YES;
				INFOPLIST_KEY_UILaunchScreen_Generation = YES;
				INFOPLIST_KEY_UISupportedInterfaceOrientations = UIInterfaceOrientationPortrait;
				INFOPLIST_KEY_UISupportedInterfaceOrientations_iPad = "UIInterfaceOrientationLandscapeLeft UIInterfaceOrientationLandscapeRight UIInterfaceOrientationPortrait UIInterfaceOrientationPortraitUpsideDown";
				LD_RUNPATH_SEARCH_PATHS = (
					"$(inherited)",
					"@executable_path/Frameworks",
				);
				MARKETING_VERSION = 1.0;
				PRODUCT_BUNDLE_IDENTIFIER = com.nanda.RickAndMortyInfoverse;
				PRODUCT_NAME = "$(TARGET_NAME)";
				SUPPORTED_PLATFORMS = "iphoneos iphonesimulator";
				SUPPORTS_MACCATALYST = NO;
				SUPPORTS_XR_DESIGNED_FOR_IPHONE_IPAD = NO;
				SWIFT_EMIT_LOC_STRINGS = YES;
				SWIFT_VERSION = 5.0;
				TARGETED_DEVICE_FAMILY = "1,2";
			};
			name = Release;
		};
		16B9C7CE2C6776FC0074A356 /* Debug */ = {
			isa = XCBuildConfiguration;
			buildSettings = {
				ALWAYS_EMBED_SWIFT_STANDARD_LIBRARIES = YES;
				BUNDLE_LOADER = "$(TEST_HOST)";
				CODE_SIGN_STYLE = Automatic;
				CURRENT_PROJECT_VERSION = 1;
				DEVELOPMENT_TEAM = 2G3ZY4K567;
				GENERATE_INFOPLIST_FILE = YES;
				IPHONEOS_DEPLOYMENT_TARGET = 17.5;
				MARKETING_VERSION = 1.0;
				PRODUCT_BUNDLE_IDENTIFIER = com.nanda.RickAndMortyInfoverseTests;
				PRODUCT_NAME = "$(TARGET_NAME)";
				SWIFT_EMIT_LOC_STRINGS = NO;
				SWIFT_VERSION = 5.0;
				TARGETED_DEVICE_FAMILY = "1,2";
				TEST_HOST = "$(BUILT_PRODUCTS_DIR)/RickAndMortyInfoverse.app/$(BUNDLE_EXECUTABLE_FOLDER_PATH)/RickAndMortyInfoverse";
			};
			name = Debug;
		};
		16B9C7CF2C6776FC0074A356 /* Release */ = {
			isa = XCBuildConfiguration;
			buildSettings = {
				ALWAYS_EMBED_SWIFT_STANDARD_LIBRARIES = YES;
				BUNDLE_LOADER = "$(TEST_HOST)";
				CODE_SIGN_STYLE = Automatic;
				CURRENT_PROJECT_VERSION = 1;
				DEVELOPMENT_TEAM = 2G3ZY4K567;
				GENERATE_INFOPLIST_FILE = YES;
				IPHONEOS_DEPLOYMENT_TARGET = 17.5;
				MARKETING_VERSION = 1.0;
				PRODUCT_BUNDLE_IDENTIFIER = com.nanda.RickAndMortyInfoverseTests;
				PRODUCT_NAME = "$(TARGET_NAME)";
				SWIFT_EMIT_LOC_STRINGS = NO;
				SWIFT_VERSION = 5.0;
				TARGETED_DEVICE_FAMILY = "1,2";
				TEST_HOST = "$(BUILT_PRODUCTS_DIR)/RickAndMortyInfoverse.app/$(BUNDLE_EXECUTABLE_FOLDER_PATH)/RickAndMortyInfoverse";
			};
			name = Release;
		};
		16B9C7D12C6776FC0074A356 /* Debug */ = {
			isa = XCBuildConfiguration;
			buildSettings = {
				ALWAYS_EMBED_SWIFT_STANDARD_LIBRARIES = YES;
				CODE_SIGN_STYLE = Automatic;
				CURRENT_PROJECT_VERSION = 1;
				DEVELOPMENT_TEAM = 2G3ZY4K567;
				GENERATE_INFOPLIST_FILE = YES;
				MARKETING_VERSION = 1.0;
				PRODUCT_BUNDLE_IDENTIFIER = com.nanda.RickAndMortyInfoverseUITests;
				PRODUCT_NAME = "$(TARGET_NAME)";
				SWIFT_EMIT_LOC_STRINGS = NO;
				SWIFT_VERSION = 5.0;
				TARGETED_DEVICE_FAMILY = "1,2";
				TEST_TARGET_NAME = RickAndMortyInfoverse;
			};
			name = Debug;
		};
		16B9C7D22C6776FC0074A356 /* Release */ = {
			isa = XCBuildConfiguration;
			buildSettings = {
				ALWAYS_EMBED_SWIFT_STANDARD_LIBRARIES = YES;
				CODE_SIGN_STYLE = Automatic;
				CURRENT_PROJECT_VERSION = 1;
				DEVELOPMENT_TEAM = 2G3ZY4K567;
				GENERATE_INFOPLIST_FILE = YES;
				MARKETING_VERSION = 1.0;
				PRODUCT_BUNDLE_IDENTIFIER = com.nanda.RickAndMortyInfoverseUITests;
				PRODUCT_NAME = "$(TARGET_NAME)";
				SWIFT_EMIT_LOC_STRINGS = NO;
				SWIFT_VERSION = 5.0;
				TARGETED_DEVICE_FAMILY = "1,2";
				TEST_TARGET_NAME = RickAndMortyInfoverse;
			};
			name = Release;
		};
/* End XCBuildConfiguration section */

/* Begin XCConfigurationList section */
		16B9C79F2C6776FA0074A356 /* Build configuration list for PBXProject "RickAndMortyInfoverse" */ = {
			isa = XCConfigurationList;
			buildConfigurations = (
				16B9C7C82C6776FC0074A356 /* Debug */,
				16B9C7C92C6776FC0074A356 /* Release */,
			);
			defaultConfigurationIsVisible = 0;
			defaultConfigurationName = Release;
		};
		16B9C7CA2C6776FC0074A356 /* Build configuration list for PBXNativeTarget "RickAndMortyInfoverse" */ = {
			isa = XCConfigurationList;
			buildConfigurations = (
				16B9C7CB2C6776FC0074A356 /* Debug */,
				16B9C7CC2C6776FC0074A356 /* Release */,
			);
			defaultConfigurationIsVisible = 0;
			defaultConfigurationName = Release;
		};
		16B9C7CD2C6776FC0074A356 /* Build configuration list for PBXNativeTarget "RickAndMortyInfoverseTests" */ = {
			isa = XCConfigurationList;
			buildConfigurations = (
				16B9C7CE2C6776FC0074A356 /* Debug */,
				16B9C7CF2C6776FC0074A356 /* Release */,
			);
			defaultConfigurationIsVisible = 0;
			defaultConfigurationName = Release;
		};
		16B9C7D02C6776FC0074A356 /* Build configuration list for PBXNativeTarget "RickAndMortyInfoverseUITests" */ = {
			isa = XCConfigurationList;
			buildConfigurations = (
				16B9C7D12C6776FC0074A356 /* Debug */,
				16B9C7D22C6776FC0074A356 /* Release */,
			);
			defaultConfigurationIsVisible = 0;
			defaultConfigurationName = Release;
		};
/* End XCConfigurationList section */

/* Begin XCRemoteSwiftPackageReference section */
		16B9C7E12C679B470074A356 /* XCRemoteSwiftPackageReference "Alamofire" */ = {
			isa = XCRemoteSwiftPackageReference;
			repositoryURL = "https://github.com/Alamofire/Alamofire.git";
			requirement = {
				kind = exactVersion;
				version = 5.9.1;
			};
		};
		16BBD6B12C69EAB1004FB639 /* XCRemoteSwiftPackageReference "Kingfisher" */ = {
			isa = XCRemoteSwiftPackageReference;
			repositoryURL = "https://github.com/onevcat/Kingfisher.git";
			requirement = {
				kind = exactVersion;
				version = 7.12.0;
			};
		};
/* End XCRemoteSwiftPackageReference section */

/* Begin XCSwiftPackageProductDependency section */
		16B9C7E22C679B470074A356 /* Alamofire */ = {
			isa = XCSwiftPackageProductDependency;
			package = 16B9C7E12C679B470074A356 /* XCRemoteSwiftPackageReference "Alamofire" */;
			productName = Alamofire;
		};
		16BBD6B22C69EAB1004FB639 /* Kingfisher */ = {
			isa = XCSwiftPackageProductDependency;
			package = 16BBD6B12C69EAB1004FB639 /* XCRemoteSwiftPackageReference "Kingfisher" */;
			productName = Kingfisher;
		};
/* End XCSwiftPackageProductDependency section */
	};
	rootObject = 16B9C79C2C6776FA0074A356 /* Project object */;
}
